
Microsoft Visual Studio Solution File, Format Version 12.00
# Visual Studio Version 17
VisualStudioVersion = 17.5.33414.496
MinimumVisualStudioVersion = 10.0.40219.1
Project("{FAE04EC0-301F-11D3-BF4B-00C04F79EFBC}") = "Tic-tac-toe", "Tic-tac-toe.csproj", "{D7C13F99-E2DF-45D5-BA15-0965EAD6C8D8}"
EndProject
Global
	GlobalSection(SolutionConfigurationPlatforms) = preSolution
		Debug|Any CPU = Debug|Any CPU
		Release|Any CPU = Release|Any CPU
	EndGlobalSection
	GlobalSection(ProjectConfigurationPlatforms) = postSolution
		{D7C13F99-E2DF-45D5-BA15-0965EAD6C8D8}.Debug|Any CPU.ActiveCfg = Debug|Any CPU
		{D7C13F99-E2DF-45D5-BA15-0965EAD6C8D8}.Debug|Any CPU.Build.0 = Debug|Any CPU
		{D7C13F99-E2DF-45D5-BA15-0965EAD6C8D8}.Release|Any CPU.ActiveCfg = Release|Any CPU
		{D7C13F99-E2DF-45D5-BA15-0965EAD6C8D8}.Release|Any CPU.Build.0 = Release|Any CPU
	EndGlobalSection
	GlobalSection(SolutionProperties) = preSolution
		HideSolutionNode = FALSE
	EndGlobalSection
	GlobalSection(ExtensibilityGlobals) = postSolution
		SolutionGuid = {FFB1D21C-0D9B-449D-9CF0-8469182E5BF3}
	EndGlobalSection
EndGlobal
